// !$*UTF8*$!
{
	archiveVersion = 1;
	classes = {
	};
	objectVersion = 46;
	objects = {

/* Begin PBXBuildFile section */
		7A1A47CC1DB720DE00E39207 /* UIView+Category.m in Sources */ = {isa = PBXBuildFile; fileRef = 7A1A47CB1DB720DE00E39207 /* UIView+Category.m */; };
		7A1A47CF1DB7213C00E39207 /* UIImage+Category.m in Sources */ = {isa = PBXBuildFile; fileRef = 7A1A47CE1DB7213C00E39207 /* UIImage+Category.m */; };
		7A1A47D21DB76B4100E39207 /* TCFunctions.m in Sources */ = {isa = PBXBuildFile; fileRef = 7A1A47D11DB76B4100E39207 /* TCFunctions.m */; };
		7A1A47D51DB76C1900E39207 /* TCArchiveService.m in Sources */ = {isa = PBXBuildFile; fileRef = 7A1A47D41DB76C1900E39207 /* TCArchiveService.m */; };
		7A510FA01DB8624400471A88 /* NSObject+TCModel.m in Sources */ = {isa = PBXBuildFile; fileRef = 7A510F9F1DB8624400471A88 /* NSObject+TCModel.m */; };
		7A68C7F51DB9EF6700027C6E /* TCDicToModelTests.m in Sources */ = {isa = PBXBuildFile; fileRef = 7A68C7F41DB9EF6700027C6E /* TCDicToModelTests.m */; };
		7A68C7F81DB9F03600027C6E /* TCTestModel.m in Sources */ = {isa = PBXBuildFile; fileRef = 7A68C7F71DB9F03600027C6E /* TCTestModel.m */; };
		7A68C7FB1DB9F37400027C6E /* TCTestBoss.m in Sources */ = {isa = PBXBuildFile; fileRef = 7A68C7FA1DB9F37400027C6E /* TCTestBoss.m */; };
		7A9CCED11DB62011003D90C6 /* main.m in Sources */ = {isa = PBXBuildFile; fileRef = 7A9CCED01DB62011003D90C6 /* main.m */; };
		7A9CCED71DB62011003D90C6 /* ViewController.m in Sources */ = {isa = PBXBuildFile; fileRef = 7A9CCED61DB62011003D90C6 /* ViewController.m */; };
		7A9CCEDC1DB62011003D90C6 /* Assets.xcassets in Resources */ = {isa = PBXBuildFile; fileRef = 7A9CCEDB1DB62011003D90C6 /* Assets.xcassets */; };
		7A9CCEDF1DB62011003D90C6 /* LaunchScreen.storyboard in Resources */ = {isa = PBXBuildFile; fileRef = 7A9CCEDD1DB62011003D90C6 /* LaunchScreen.storyboard */; };
		7A9CCEEA1DB62011003D90C6 /* individualTests.m in Sources */ = {isa = PBXBuildFile; fileRef = 7A9CCEE91DB62011003D90C6 /* individualTests.m */; };
		7A9CCEF51DB62011003D90C6 /* individualUITests.m in Sources */ = {isa = PBXBuildFile; fileRef = 7A9CCEF41DB62011003D90C6 /* individualUITests.m */; };
		7A9CCF041DB62682003D90C6 /* TCIAppDelegate.m in Sources */ = {isa = PBXBuildFile; fileRef = 7A9CCF031DB62682003D90C6 /* TCIAppDelegate.m */; };
/* End PBXBuildFile section */

/* Begin PBXContainerItemProxy section */
		7A9CCEE61DB62011003D90C6 /* PBXContainerItemProxy */ = {
			isa = PBXContainerItemProxy;
			containerPortal = 7A9CCEC41DB62011003D90C6 /* Project object */;
			proxyType = 1;
			remoteGlobalIDString = 7A9CCECB1DB62011003D90C6;
			remoteInfo = individual;
		};
		7A9CCEF11DB62011003D90C6 /* PBXContainerItemProxy */ = {
			isa = PBXContainerItemProxy;
			containerPortal = 7A9CCEC41DB62011003D90C6 /* Project object */;
			proxyType = 1;
			remoteGlobalIDString = 7A9CCECB1DB62011003D90C6;
			remoteInfo = individual;
		};
/* End PBXContainerItemProxy section */

/* Begin PBXFileReference section */
		7A1A47CA1DB720DE00E39207 /* UIView+Category.h */ = {isa = PBXFileReference; fileEncoding = 4; lastKnownFileType = sourcecode.c.h; path = "UIView+Category.h"; sourceTree = "<group>"; };
		7A1A47CB1DB720DE00E39207 /* UIView+Category.m */ = {isa = PBXFileReference; fileEncoding = 4; lastKnownFileType = sourcecode.c.objc; path = "UIView+Category.m"; sourceTree = "<group>"; };
		7A1A47CD1DB7213C00E39207 /* UIImage+Category.h */ = {isa = PBXFileReference; fileEncoding = 4; lastKnownFileType = sourcecode.c.h; path = "UIImage+Category.h"; sourceTree = "<group>"; };
		7A1A47CE1DB7213C00E39207 /* UIImage+Category.m */ = {isa = PBXFileReference; fileEncoding = 4; lastKnownFileType = sourcecode.c.objc; path = "UIImage+Category.m"; sourceTree = "<group>"; };
		7A1A47D01DB76B4100E39207 /* TCFunctions.h */ = {isa = PBXFileReference; fileEncoding = 4; lastKnownFileType = sourcecode.c.h; path = TCFunctions.h; sourceTree = "<group>"; };
		7A1A47D11DB76B4100E39207 /* TCFunctions.m */ = {isa = PBXFileReference; fileEncoding = 4; lastKnownFileType = sourcecode.c.objc; path = TCFunctions.m; sourceTree = "<group>"; };
		7A1A47D31DB76C1900E39207 /* TCArchiveService.h */ = {isa = PBXFileReference; fileEncoding = 4; lastKnownFileType = sourcecode.c.h; path = TCArchiveService.h; sourceTree = "<group>"; };
		7A1A47D41DB76C1900E39207 /* TCArchiveService.m */ = {isa = PBXFileReference; fileEncoding = 4; lastKnownFileType = sourcecode.c.objc; path = TCArchiveService.m; sourceTree = "<group>"; };
		7A510F9E1DB8624400471A88 /* NSObject+TCModel.h */ = {isa = PBXFileReference; fileEncoding = 4; lastKnownFileType = sourcecode.c.h; path = "NSObject+TCModel.h"; sourceTree = "<group>"; };
		7A510F9F1DB8624400471A88 /* NSObject+TCModel.m */ = {isa = PBXFileReference; fileEncoding = 4; lastKnownFileType = sourcecode.c.objc; path = "NSObject+TCModel.m"; sourceTree = "<group>"; };
		7A68C7F41DB9EF6700027C6E /* TCDicToModelTests.m */ = {isa = PBXFileReference; fileEncoding = 4; lastKnownFileType = sourcecode.c.objc; path = TCDicToModelTests.m; sourceTree = "<group>"; };
		7A68C7F61DB9F03600027C6E /* TCTestModel.h */ = {isa = PBXFileReference; fileEncoding = 4; lastKnownFileType = sourcecode.c.h; path = TCTestModel.h; sourceTree = "<group>"; };
		7A68C7F71DB9F03600027C6E /* TCTestModel.m */ = {isa = PBXFileReference; fileEncoding = 4; lastKnownFileType = sourcecode.c.objc; path = TCTestModel.m; sourceTree = "<group>"; };
		7A68C7F91DB9F37400027C6E /* TCTestBoss.h */ = {isa = PBXFileReference; fileEncoding = 4; lastKnownFileType = sourcecode.c.h; path = TCTestBoss.h; sourceTree = "<group>"; };
		7A68C7FA1DB9F37400027C6E /* TCTestBoss.m */ = {isa = PBXFileReference; fileEncoding = 4; lastKnownFileType = sourcecode.c.objc; path = TCTestBoss.m; sourceTree = "<group>"; };
		7A9CCECC1DB62011003D90C6 /* individual.app */ = {isa = PBXFileReference; explicitFileType = wrapper.application; includeInIndex = 0; path = individual.app; sourceTree = BUILT_PRODUCTS_DIR; };
		7A9CCED01DB62011003D90C6 /* main.m */ = {isa = PBXFileReference; lastKnownFileType = sourcecode.c.objc; path = main.m; sourceTree = "<group>"; };
		7A9CCED51DB62011003D90C6 /* ViewController.h */ = {isa = PBXFileReference; lastKnownFileType = sourcecode.c.h; path = ViewController.h; sourceTree = "<group>"; };
		7A9CCED61DB62011003D90C6 /* ViewController.m */ = {isa = PBXFileReference; lastKnownFileType = sourcecode.c.objc; path = ViewController.m; sourceTree = "<group>"; };
		7A9CCEDB1DB62011003D90C6 /* Assets.xcassets */ = {isa = PBXFileReference; lastKnownFileType = folder.assetcatalog; path = Assets.xcassets; sourceTree = "<group>"; };
		7A9CCEDE1DB62011003D90C6 /* Base */ = {isa = PBXFileReference; lastKnownFileType = file.storyboard; name = Base; path = Base.lproj/LaunchScreen.storyboard; sourceTree = "<group>"; };
		7A9CCEE01DB62011003D90C6 /* Info.plist */ = {isa = PBXFileReference; lastKnownFileType = text.plist.xml; path = Info.plist; sourceTree = "<group>"; };
		7A9CCEE51DB62011003D90C6 /* individualTests.xctest */ = {isa = PBXFileReference; explicitFileType = wrapper.cfbundle; includeInIndex = 0; path = individualTests.xctest; sourceTree = BUILT_PRODUCTS_DIR; };
		7A9CCEE91DB62011003D90C6 /* individualTests.m */ = {isa = PBXFileReference; lastKnownFileType = sourcecode.c.objc; path = individualTests.m; sourceTree = "<group>"; };
		7A9CCEEB1DB62011003D90C6 /* Info.plist */ = {isa = PBXFileReference; lastKnownFileType = text.plist.xml; path = Info.plist; sourceTree = "<group>"; };
		7A9CCEF01DB62011003D90C6 /* individualUITests.xctest */ = {isa = PBXFileReference; explicitFileType = wrapper.cfbundle; includeInIndex = 0; path = individualUITests.xctest; sourceTree = BUILT_PRODUCTS_DIR; };
		7A9CCEF41DB62011003D90C6 /* individualUITests.m */ = {isa = PBXFileReference; lastKnownFileType = sourcecode.c.objc; path = individualUITests.m; sourceTree = "<group>"; };
		7A9CCEF61DB62011003D90C6 /* Info.plist */ = {isa = PBXFileReference; lastKnownFileType = text.plist.xml; path = Info.plist; sourceTree = "<group>"; };
		7A9CCF021DB62682003D90C6 /* TCIAppDelegate.h */ = {isa = PBXFileReference; fileEncoding = 4; lastKnownFileType = sourcecode.c.h; path = TCIAppDelegate.h; sourceTree = "<group>"; };
		7A9CCF031DB62682003D90C6 /* TCIAppDelegate.m */ = {isa = PBXFileReference; fileEncoding = 4; lastKnownFileType = sourcecode.c.objc; path = TCIAppDelegate.m; sourceTree = "<group>"; };
		7ABF57B41DB70E2D002E40A0 /* PrefixHeader.pch */ = {isa = PBXFileReference; fileEncoding = 4; lastKnownFileType = sourcecode.c.h; path = PrefixHeader.pch; sourceTree = "<group>"; };
/* End PBXFileReference section */

/* Begin PBXFrameworksBuildPhase section */
		7A9CCEC91DB62011003D90C6 /* Frameworks */ = {
			isa = PBXFrameworksBuildPhase;
			buildActionMask = 2147483647;
			files = (
			);
			runOnlyForDeploymentPostprocessing = 0;
		};
		7A9CCEE21DB62011003D90C6 /* Frameworks */ = {
			isa = PBXFrameworksBuildPhase;
			buildActionMask = 2147483647;
			files = (
			);
			runOnlyForDeploymentPostprocessing = 0;
		};
		7A9CCEED1DB62011003D90C6 /* Frameworks */ = {
			isa = PBXFrameworksBuildPhase;
			buildActionMask = 2147483647;
			files = (
			);
			runOnlyForDeploymentPostprocessing = 0;
		};
/* End PBXFrameworksBuildPhase section */

/* Begin PBXGroup section */
		7A68C7F31DB9EF1F00027C6E /* CategoriesAndTools */ = {
			isa = PBXGroup;
			children = (
				7A68C7F41DB9EF6700027C6E /* TCDicToModelTests.m */,
				7A68C7F61DB9F03600027C6E /* TCTestModel.h */,
				7A68C7F71DB9F03600027C6E /* TCTestModel.m */,
				7A68C7F91DB9F37400027C6E /* TCTestBoss.h */,
				7A68C7FA1DB9F37400027C6E /* TCTestBoss.m */,
			);
			path = CategoriesAndTools;
			sourceTree = "<group>";
		};
		7A9CCEC31DB62011003D90C6 = {
			isa = PBXGroup;
			children = (
				7A9CCECE1DB62011003D90C6 /* individual */,
				7A9CCEE81DB62011003D90C6 /* individualTests */,
				7A9CCEF31DB62011003D90C6 /* individualUITests */,
				7A9CCECD1DB62011003D90C6 /* Products */,
			);
			sourceTree = "<group>";
		};
		7A9CCECD1DB62011003D90C6 /* Products */ = {
			isa = PBXGroup;
			children = (
				7A9CCECC1DB62011003D90C6 /* individual.app */,
				7A9CCEE51DB62011003D90C6 /* individualTests.xctest */,
				7A9CCEF01DB62011003D90C6 /* individualUITests.xctest */,
			);
			name = Products;
			sourceTree = "<group>";
		};
		7A9CCECE1DB62011003D90C6 /* individual */ = {
			isa = PBXGroup;
			children = (
				7A9CCF021DB62682003D90C6 /* TCIAppDelegate.h */,
				7A9CCF031DB62682003D90C6 /* TCIAppDelegate.m */,
				7A9CCF081DB627A5003D90C6 /* Common */,
				7A9CCF071DB6279C003D90C6 /* Service */,
				7A9CCF061DB62790003D90C6 /* Feature */,
				7A9CCF051DB62782003D90C6 /* Resource */,
				7A9CCED51DB62011003D90C6 /* ViewController.h */,
				7A9CCED61DB62011003D90C6 /* ViewController.m */,
				7A9CCECF1DB62011003D90C6 /* Supporting Files */,
			);
			path = individual;
			sourceTree = "<group>";
		};
		7A9CCECF1DB62011003D90C6 /* Supporting Files */ = {
			isa = PBXGroup;
			children = (
				7A9CCEDB1DB62011003D90C6 /* Assets.xcassets */,
				7A9CCEDD1DB62011003D90C6 /* LaunchScreen.storyboard */,
				7A9CCEE01DB62011003D90C6 /* Info.plist */,
				7A9CCED01DB62011003D90C6 /* main.m */,
				7ABF57B41DB70E2D002E40A0 /* PrefixHeader.pch */,
			);
			name = "Supporting Files";
			sourceTree = "<group>";
		};
		7A9CCEE81DB62011003D90C6 /* individualTests */ = {
			isa = PBXGroup;
			children = (
				7A9CCEE91DB62011003D90C6 /* individualTests.m */,
				7A68C7F31DB9EF1F00027C6E /* CategoriesAndTools */,
				7A9CCEEB1DB62011003D90C6 /* Info.plist */,
			);
			path = individualTests;
			sourceTree = "<group>";
		};
		7A9CCEF31DB62011003D90C6 /* individualUITests */ = {
			isa = PBXGroup;
			children = (
				7A9CCEF41DB62011003D90C6 /* individualUITests.m */,
				7A9CCEF61DB62011003D90C6 /* Info.plist */,
			);
			path = individualUITests;
			sourceTree = "<group>";
		};
		7A9CCF051DB62782003D90C6 /* Resource */ = {
			isa = PBXGroup;
			children = (
			);
			path = Resource;
			sourceTree = "<group>";
		};
		7A9CCF061DB62790003D90C6 /* Feature */ = {
			isa = PBXGroup;
			children = (
			);
			path = Feature;
			sourceTree = "<group>";
		};
		7A9CCF071DB6279C003D90C6 /* Service */ = {
			isa = PBXGroup;
			children = (
				7A9CCF0C1DB62E08003D90C6 /* Common */,
				7A9CCF0D1DB62E08003D90C6 /* LocalService */,
				7A9CCF0E1DB62E08003D90C6 /* WebService */,
			);
			path = Service;
			sourceTree = "<group>";
		};
		7A9CCF081DB627A5003D90C6 /* Common */ = {
			isa = PBXGroup;
			children = (
				7A9CCF091DB627A5003D90C6 /* Categories */,
				7A9CCF0A1DB627A5003D90C6 /* Libs */,
				7A9CCF0B1DB627A5003D90C6 /* Tools */,
			);
			path = Common;
			sourceTree = "<group>";
		};
		7A9CCF091DB627A5003D90C6 /* Categories */ = {
			isa = PBXGroup;
			children = (
				7A1A47CA1DB720DE00E39207 /* UIView+Category.h */,
				7A1A47CB1DB720DE00E39207 /* UIView+Category.m */,
				7A1A47CD1DB7213C00E39207 /* UIImage+Category.h */,
				7A1A47CE1DB7213C00E39207 /* UIImage+Category.m */,
				7A510F9E1DB8624400471A88 /* NSObject+TCModel.h */,
				7A510F9F1DB8624400471A88 /* NSObject+TCModel.m */,
			);
			path = Categories;
			sourceTree = "<group>";
		};
		7A9CCF0A1DB627A5003D90C6 /* Libs */ = {
			isa = PBXGroup;
			children = (
			);
			path = Libs;
			sourceTree = "<group>";
		};
		7A9CCF0B1DB627A5003D90C6 /* Tools */ = {
			isa = PBXGroup;
			children = (
				7A1A47D01DB76B4100E39207 /* TCFunctions.h */,
				7A1A47D11DB76B4100E39207 /* TCFunctions.m */,
				7A1A47D31DB76C1900E39207 /* TCArchiveService.h */,
				7A1A47D41DB76C1900E39207 /* TCArchiveService.m */,
			);
			path = Tools;
			sourceTree = "<group>";
		};
		7A9CCF0C1DB62E08003D90C6 /* Common */ = {
			isa = PBXGroup;
			children = (
			);
			path = Common;
			sourceTree = "<group>";
		};
		7A9CCF0D1DB62E08003D90C6 /* LocalService */ = {
			isa = PBXGroup;
			children = (
			);
			path = LocalService;
			sourceTree = "<group>";
		};
		7A9CCF0E1DB62E08003D90C6 /* WebService */ = {
			isa = PBXGroup;
			children = (
			);
			path = WebService;
			sourceTree = "<group>";
		};
/* End PBXGroup section */

/* Begin PBXNativeTarget section */
		7A9CCECB1DB62011003D90C6 /* individual */ = {
			isa = PBXNativeTarget;
			buildConfigurationList = 7A9CCEF91DB62011003D90C6 /* Build configuration list for PBXNativeTarget "individual" */;
			buildPhases = (
				7A9CCEC81DB62011003D90C6 /* Sources */,
				7A9CCEC91DB62011003D90C6 /* Frameworks */,
				7A9CCECA1DB62011003D90C6 /* Resources */,
			);
			buildRules = (
			);
			dependencies = (
			);
			name = individual;
			productName = individual;
			productReference = 7A9CCECC1DB62011003D90C6 /* individual.app */;
			productType = "com.apple.product-type.application";
		};
		7A9CCEE41DB62011003D90C6 /* individualTests */ = {
			isa = PBXNativeTarget;
			buildConfigurationList = 7A9CCEFC1DB62011003D90C6 /* Build configuration list for PBXNativeTarget "individualTests" */;
			buildPhases = (
				7A9CCEE11DB62011003D90C6 /* Sources */,
				7A9CCEE21DB62011003D90C6 /* Frameworks */,
				7A9CCEE31DB62011003D90C6 /* Resources */,
			);
			buildRules = (
			);
			dependencies = (
				7A9CCEE71DB62011003D90C6 /* PBXTargetDependency */,
			);
			name = individualTests;
			productName = individualTests;
			productReference = 7A9CCEE51DB62011003D90C6 /* individualTests.xctest */;
			productType = "com.apple.product-type.bundle.unit-test";
		};
		7A9CCEEF1DB62011003D90C6 /* individualUITests */ = {
			isa = PBXNativeTarget;
			buildConfigurationList = 7A9CCEFF1DB62011003D90C6 /* Build configuration list for PBXNativeTarget "individualUITests" */;
			buildPhases = (
				7A9CCEEC1DB62011003D90C6 /* Sources */,
				7A9CCEED1DB62011003D90C6 /* Frameworks */,
				7A9CCEEE1DB62011003D90C6 /* Resources */,
			);
			buildRules = (
			);
			dependencies = (
				7A9CCEF21DB62011003D90C6 /* PBXTargetDependency */,
			);
			name = individualUITests;
			productName = individualUITests;
			productReference = 7A9CCEF01DB62011003D90C6 /* individualUITests.xctest */;
			productType = "com.apple.product-type.bundle.ui-testing";
		};
/* End PBXNativeTarget section */

/* Begin PBXProject section */
		7A9CCEC41DB62011003D90C6 /* Project object */ = {
			isa = PBXProject;
			attributes = {
				CLASSPREFIX = TCI;
				LastUpgradeCheck = 0800;
				ORGANIZATIONNAME = "杭州部落公社科技有限公司";
				TargetAttributes = {
					7A9CCECB1DB62011003D90C6 = {
						CreatedOnToolsVersion = 8.0;
						DevelopmentTeam = VYB975MGFB;
						ProvisioningStyle = Automatic;
					};
					7A9CCEE41DB62011003D90C6 = {
						CreatedOnToolsVersion = 8.0;
						DevelopmentTeam = VYB975MGFB;
						ProvisioningStyle = Automatic;
						TestTargetID = 7A9CCECB1DB62011003D90C6;
					};
					7A9CCEEF1DB62011003D90C6 = {
						CreatedOnToolsVersion = 8.0;
						DevelopmentTeam = VYB975MGFB;
						ProvisioningStyle = Automatic;
						TestTargetID = 7A9CCECB1DB62011003D90C6;
					};
				};
			};
			buildConfigurationList = 7A9CCEC71DB62011003D90C6 /* Build configuration list for PBXProject "individual" */;
			compatibilityVersion = "Xcode 3.2";
			developmentRegion = English;
			hasScannedForEncodings = 0;
			knownRegions = (
				en,
				Base,
			);
			mainGroup = 7A9CCEC31DB62011003D90C6;
			productRefGroup = 7A9CCECD1DB62011003D90C6 /* Products */;
			projectDirPath = "";
			projectRoot = "";
			targets = (
				7A9CCECB1DB62011003D90C6 /* individual */,
				7A9CCEE41DB62011003D90C6 /* individualTests */,
				7A9CCEEF1DB62011003D90C6 /* individualUITests */,
			);
		};
/* End PBXProject section */

/* Begin PBXResourcesBuildPhase section */
		7A9CCECA1DB62011003D90C6 /* Resources */ = {
			isa = PBXResourcesBuildPhase;
			buildActionMask = 2147483647;
			files = (
				7A9CCEDF1DB62011003D90C6 /* LaunchScreen.storyboard in Resources */,
				7A9CCEDC1DB62011003D90C6 /* Assets.xcassets in Resources */,
			);
			runOnlyForDeploymentPostprocessing = 0;
		};
		7A9CCEE31DB62011003D90C6 /* Resources */ = {
			isa = PBXResourcesBuildPhase;
			buildActionMask = 2147483647;
			files = (
			);
			runOnlyForDeploymentPostprocessing = 0;
		};
		7A9CCEEE1DB62011003D90C6 /* Resources */ = {
			isa = PBXResourcesBuildPhase;
			buildActionMask = 2147483647;
			files = (
			);
			runOnlyForDeploymentPostprocessing = 0;
		};
/* End PBXResourcesBuildPhase section */

/* Begin PBXSourcesBuildPhase section */
		7A9CCEC81DB62011003D90C6 /* Sources */ = {
			isa = PBXSourcesBuildPhase;
			buildActionMask = 2147483647;
			files = (
				7A510FA01DB8624400471A88 /* NSObject+TCModel.m in Sources */,
				7A1A47D21DB76B4100E39207 /* TCFunctions.m in Sources */,
				7A1A47D51DB76C1900E39207 /* TCArchiveService.m in Sources */,
				7A9CCED71DB62011003D90C6 /* ViewController.m in Sources */,
				7A9CCED11DB62011003D90C6 /* main.m in Sources */,
				7A1A47CC1DB720DE00E39207 /* UIView+Category.m in Sources */,
				7A9CCF041DB62682003D90C6 /* TCIAppDelegate.m in Sources */,
				7A1A47CF1DB7213C00E39207 /* UIImage+Category.m in Sources */,
			);
			runOnlyForDeploymentPostprocessing = 0;
		};
		7A9CCEE11DB62011003D90C6 /* Sources */ = {
			isa = PBXSourcesBuildPhase;
			buildActionMask = 2147483647;
			files = (
				7A68C7F51DB9EF6700027C6E /* TCDicToModelTests.m in Sources */,
				7A68C7FB1DB9F37400027C6E /* TCTestBoss.m in Sources */,
				7A68C7F81DB9F03600027C6E /* TCTestModel.m in Sources */,
				7A9CCEEA1DB62011003D90C6 /* individualTests.m in Sources */,
			);
			runOnlyForDeploymentPostprocessing = 0;
		};
		7A9CCEEC1DB62011003D90C6 /* Sources */ = {
			isa = PBXSourcesBuildPhase;
			buildActionMask = 2147483647;
			files = (
				7A9CCEF51DB62011003D90C6 /* individualUITests.m in Sources */,
			);
			runOnlyForDeploymentPostprocessing = 0;
		};
/* End PBXSourcesBuildPhase section */

/* Begin PBXTargetDependency section */
		7A9CCEE71DB62011003D90C6 /* PBXTargetDependency */ = {
			isa = PBXTargetDependency;
			target = 7A9CCECB1DB62011003D90C6 /* individual */;
			targetProxy = 7A9CCEE61DB62011003D90C6 /* PBXContainerItemProxy */;
		};
		7A9CCEF21DB62011003D90C6 /* PBXTargetDependency */ = {
			isa = PBXTargetDependency;
			target = 7A9CCECB1DB62011003D90C6 /* individual */;
			targetProxy = 7A9CCEF11DB62011003D90C6 /* PBXContainerItemProxy */;
		};
/* End PBXTargetDependency section */

/* Begin PBXVariantGroup section */
		7A9CCEDD1DB62011003D90C6 /* LaunchScreen.storyboard */ = {
			isa = PBXVariantGroup;
			children = (
				7A9CCEDE1DB62011003D90C6 /* Base */,
			);
			name = LaunchScreen.storyboard;
			sourceTree = "<group>";
		};
/* End PBXVariantGroup section */

/* Begin XCBuildConfiguration section */
		7A9CCEF71DB62011003D90C6 /* Debug */ = {
			isa = XCBuildConfiguration;
			buildSettings = {
				ALWAYS_SEARCH_USER_PATHS = NO;
				CLANG_ANALYZER_NONNULL = YES;
				CLANG_CXX_LANGUAGE_STANDARD = "gnu++0x";
				CLANG_CXX_LIBRARY = "libc++";
				CLANG_ENABLE_MODULES = YES;
				CLANG_ENABLE_OBJC_ARC = YES;
				CLANG_WARN_BOOL_CONVERSION = YES;
				CLANG_WARN_CONSTANT_CONVERSION = YES;
				CLANG_WARN_DIRECT_OBJC_ISA_USAGE = YES_ERROR;
				CLANG_WARN_DOCUMENTATION_COMMENTS = YES;
				CLANG_WARN_EMPTY_BODY = YES;
				CLANG_WARN_ENUM_CONVERSION = YES;
				CLANG_WARN_INFINITE_RECURSION = YES;
				CLANG_WARN_INT_CONVERSION = YES;
				CLANG_WARN_OBJC_ROOT_CLASS = YES_ERROR;
				CLANG_WARN_SUSPICIOUS_MOVES = YES;
				CLANG_WARN_UNREACHABLE_CODE = YES;
				CLANG_WARN__DUPLICATE_METHOD_MATCH = YES;
				"CODE_SIGN_IDENTITY[sdk=iphoneos*]" = "iPhone Developer";
				COPY_PHASE_STRIP = NO;
				DEBUG_INFORMATION_FORMAT = dwarf;
				ENABLE_STRICT_OBJC_MSGSEND = YES;
				ENABLE_TESTABILITY = YES;
				GCC_C_LANGUAGE_STANDARD = gnu99;
				GCC_DYNAMIC_NO_PIC = NO;
				GCC_NO_COMMON_BLOCKS = YES;
				GCC_OPTIMIZATION_LEVEL = 0;
				GCC_PREPROCESSOR_DEFINITIONS = (
					"DEBUG=1",
					"$(inherited)",
				);
				GCC_WARN_64_TO_32_BIT_CONVERSION = YES;
				GCC_WARN_ABOUT_RETURN_TYPE = YES_ERROR;
				GCC_WARN_UNDECLARED_SELECTOR = YES;
				GCC_WARN_UNINITIALIZED_AUTOS = YES_AGGRESSIVE;
				GCC_WARN_UNUSED_FUNCTION = YES;
				GCC_WARN_UNUSED_VARIABLE = YES;
				IPHONEOS_DEPLOYMENT_TARGET = 10.0;
				MTL_ENABLE_DEBUG_INFO = YES;
				ONLY_ACTIVE_ARCH = YES;
				SDKROOT = iphoneos;
			};
			name = Debug;
		};
		7A9CCEF81DB62011003D90C6 /* Release */ = {
			isa = XCBuildConfiguration;
			buildSettings = {
				ALWAYS_SEARCH_USER_PATHS = NO;
				CLANG_ANALYZER_NONNULL = YES;
				CLANG_CXX_LANGUAGE_STANDARD = "gnu++0x";
				CLANG_CXX_LIBRARY = "libc++";
				CLANG_ENABLE_MODULES = YES;
				CLANG_ENABLE_OBJC_ARC = YES;
				CLANG_WARN_BOOL_CONVERSION = YES;
				CLANG_WARN_CONSTANT_CONVERSION = YES;
				CLANG_WARN_DIRECT_OBJC_ISA_USAGE = YES_ERROR;
				CLANG_WARN_DOCUMENTATION_COMMENTS = YES;
				CLANG_WARN_EMPTY_BODY = YES;
				CLANG_WARN_ENUM_CONVERSION = YES;
				CLANG_WARN_INFINITE_RECURSION = YES;
				CLANG_WARN_INT_CONVERSION = YES;
				CLANG_WARN_OBJC_ROOT_CLASS = YES_ERROR;
				CLANG_WARN_SUSPICIOUS_MOVES = YES;
				CLANG_WARN_UNREACHABLE_CODE = YES;
				CLANG_WARN__DUPLICATE_METHOD_MATCH = YES;
				"CODE_SIGN_IDENTITY[sdk=iphoneos*]" = "iPhone Developer";
				COPY_PHASE_STRIP = NO;
				DEBUG_INFORMATION_FORMAT = "dwarf-with-dsym";
				ENABLE_NS_ASSERTIONS = NO;
				ENABLE_STRICT_OBJC_MSGSEND = YES;
				GCC_C_LANGUAGE_STANDARD = gnu99;
				GCC_NO_COMMON_BLOCKS = YES;
				GCC_WARN_64_TO_32_BIT_CONVERSION = YES;
				GCC_WARN_ABOUT_RETURN_TYPE = YES_ERROR;
				GCC_WARN_UNDECLARED_SELECTOR = YES;
				GCC_WARN_UNINITIALIZED_AUTOS = YES_AGGRESSIVE;
				GCC_WARN_UNUSED_FUNCTION = YES;
				GCC_WARN_UNUSED_VARIABLE = YES;
				IPHONEOS_DEPLOYMENT_TARGET = 10.0;
				MTL_ENABLE_DEBUG_INFO = NO;
				SDKROOT = iphoneos;
				VALIDATE_PRODUCT = YES;
			};
			name = Release;
		};
		7A9CCEFA1DB62011003D90C6 /* Debug */ = {
			isa = XCBuildConfiguration;
			buildSettings = {
				ASSETCATALOG_COMPILER_APPICON_NAME = AppIcon;
				DEVELOPMENT_TEAM = VYB975MGFB;
				GCC_PRECOMPILE_PREFIX_HEADER = NO;
				GCC_PREFIX_HEADER = individual/PrefixHeader.pch;
				INFOPLIST_FILE = individual/Info.plist;
				IPHONEOS_DEPLOYMENT_TARGET = 8.0;
				LD_RUNPATH_SEARCH_PATHS = "$(inherited) @executable_path/Frameworks";
				PRODUCT_BUNDLE_IDENTIFIER = com.buluogs.individual;
				PRODUCT_NAME = "$(TARGET_NAME)";
			};
			name = Debug;
		};
		7A9CCEFB1DB62011003D90C6 /* Release */ = {
			isa = XCBuildConfiguration;
			buildSettings = {
				ASSETCATALOG_COMPILER_APPICON_NAME = AppIcon;
				DEVELOPMENT_TEAM = VYB975MGFB;
				GCC_PRECOMPILE_PREFIX_HEADER = NO;
				GCC_PREFIX_HEADER = individual/PrefixHeader.pch;
				INFOPLIST_FILE = individual/Info.plist;
				IPHONEOS_DEPLOYMENT_TARGET = 8.0;
				LD_RUNPATH_SEARCH_PATHS = "$(inherited) @executable_path/Frameworks";
				PRODUCT_BUNDLE_IDENTIFIER = com.buluogs.individual;
				PRODUCT_NAME = "$(TARGET_NAME)";
			};
			name = Release;
		};
		7A9CCEFD1DB62011003D90C6 /* Debug */ = {
			isa = XCBuildConfiguration;
			buildSettings = {
				BUNDLE_LOADER = "$(TEST_HOST)";
				DEVELOPMENT_TEAM = VYB975MGFB;
				INFOPLIST_FILE = individualTests/Info.plist;
				LD_RUNPATH_SEARCH_PATHS = "$(inherited) @executable_path/Frameworks @loader_path/Frameworks";
				PRODUCT_BUNDLE_IDENTIFIER = com.buluogs.individualTests;
				PRODUCT_NAME = "$(TARGET_NAME)";
				TEST_HOST = "$(BUILT_PRODUCTS_DIR)/individual.app/individual";
			};
			name = Debug;
		};
		7A9CCEFE1DB62011003D90C6 /* Release */ = {
			isa = XCBuildConfiguration;
			buildSettings = {
				BUNDLE_LOADER = "$(TEST_HOST)";
				DEVELOPMENT_TEAM = VYB975MGFB;
				INFOPLIST_FILE = individualTests/Info.plist;
				LD_RUNPATH_SEARCH_PATHS = "$(inherited) @executable_path/Frameworks @loader_path/Frameworks";
				PRODUCT_BUNDLE_IDENTIFIER = com.buluogs.individualTests;
				PRODUCT_NAME = "$(TARGET_NAME)";
				TEST_HOST = "$(BUILT_PRODUCTS_DIR)/individual.app/individual";
			};
			name = Release;
		};
		7A9CCF001DB62011003D90C6 /* Debug */ = {
			isa = XCBuildConfiguration;
			buildSettings = {
				DEVELOPMENT_TEAM = VYB975MGFB;
				INFOPLIST_FILE = individualUITests/Info.plist;
				LD_RUNPATH_SEARCH_PATHS = "$(inherited) @executable_path/Frameworks @loader_path/Frameworks";
				PRODUCT_BUNDLE_IDENTIFIER = com.buluogs.individualUITests;
				PRODUCT_NAME = "$(TARGET_NAME)";
				TEST_TARGET_NAME = individual;
			};
			name = Debug;
		};
		7A9CCF011DB62011003D90C6 /* Release */ = {
			isa = XCBuildConfiguration;
			buildSettings = {
				DEVELOPMENT_TEAM = VYB975MGFB;
				INFOPLIST_FILE = individualUITests/Info.plist;
				LD_RUNPATH_SEARCH_PATHS = "$(inherited) @executable_path/Frameworks @loader_path/Frameworks";
				PRODUCT_BUNDLE_IDENTIFIER = com.buluogs.individualUITests;
				PRODUCT_NAME = "$(TARGET_NAME)";
				TEST_TARGET_NAME = individual;
			};
			name = Release;
		};
/* End XCBuildConfiguration section */

/* Begin XCConfigurationList section */
		7A9CCEC71DB62011003D90C6 /* Build configuration list for PBXProject "individual" */ = {
			isa = XCConfigurationList;
			buildConfigurations = (
				7A9CCEF71DB62011003D90C6 /* Debug */,
				7A9CCEF81DB62011003D90C6 /* Release */,
			);
			defaultConfigurationIsVisible = 0;
			defaultConfigurationName = Release;
		};
		7A9CCEF91DB62011003D90C6 /* Build configuration list for PBXNativeTarget "individual" */ = {
			isa = XCConfigurationList;
			buildConfigurations = (
				7A9CCEFA1DB62011003D90C6 /* Debug */,
				7A9CCEFB1DB62011003D90C6 /* Release */,
			);
			defaultConfigurationIsVisible = 0;
			defaultConfigurationName = Release;
		};
		7A9CCEFC1DB62011003D90C6 /* Build configuration list for PBXNativeTarget "individualTests" */ = {
			isa = XCConfigurationList;
			buildConfigurations = (
				7A9CCEFD1DB62011003D90C6 /* Debug */,
				7A9CCEFE1DB62011003D90C6 /* Release */,
			);
			defaultConfigurationIsVisible = 0;
			defaultConfigurationName = Release;
		};
		7A9CCEFF1DB62011003D90C6 /* Build configuration list for PBXNativeTarget "individualUITests" */ = {
			isa = XCConfigurationList;
			buildConfigurations = (
				7A9CCF001DB62011003D90C6 /* Debug */,
				7A9CCF011DB62011003D90C6 /* Release */,
			);
			defaultConfigurationIsVisible = 0;
			defaultConfigurationName = Release;
		};
/* End XCConfigurationList section */
	};
	rootObject = 7A9CCEC41DB62011003D90C6 /* Project object */;
}
